
Microsoft Visual Studio Solution File, Format Version 12.00
# Visual Studio 2017
Project("{FAE04EC0-301F-11D3-BF4B-00C04F79EFBC}") = "Kandoria.Plugins", "Kandoria.Plugins.csproj", "{C118D9A0-BCDF-1A21-0224-77083FDD7AEC}"
EndProject
Project("{FAE04EC0-301F-11D3-BF4B-00C04F79EFBC}") = "Kandoria", "Kandoria.csproj", "{73A9C84A-6E5D-8A28-0537-EFCA903F26E6}"
EndProject
Project("{FAE04EC0-301F-11D3-BF4B-00C04F79EFBC}") = "Kandoria.Editor.Plugins", "Kandoria.Editor.Plugins.csproj", "{8186C21A-E2A6-8783-D271-6E1316B97BCC}"
EndProject
Project("{FAE04EC0-301F-11D3-BF4B-00C04F79EFBC}") = "Kandoria.Editor", "Kandoria.Editor.csproj", "{AFAF6446-4762-BF19-24F5-645F9AC555F2}"
EndProject
Global
	GlobalSection(SolutionConfigurationPlatforms) = preSolution
		Debug|Any CPU = Debug|Any CPU
		Release|Any CPU = Release|Any CPU
	EndGlobalSection
	GlobalSection(ProjectConfigurationPlatforms) = postSolution
		{C118D9A0-BCDF-1A21-0224-77083FDD7AEC}.Debug|Any CPU.ActiveCfg = Debug|Any CPU
		{C118D9A0-BCDF-1A21-0224-77083FDD7AEC}.Debug|Any CPU.Build.0 = Debug|Any CPU
		{C118D9A0-BCDF-1A21-0224-77083FDD7AEC}.Release|Any CPU.ActiveCfg = Release|Any CPU
		{C118D9A0-BCDF-1A21-0224-77083FDD7AEC}.Release|Any CPU.Build.0 = Release|Any CPU
		{73A9C84A-6E5D-8A28-0537-EFCA903F26E6}.Debug|Any CPU.ActiveCfg = Debug|Any CPU
		{73A9C84A-6E5D-8A28-0537-EFCA903F26E6}.Debug|Any CPU.Build.0 = Debug|Any CPU
		{73A9C84A-6E5D-8A28-0537-EFCA903F26E6}.Release|Any CPU.ActiveCfg = Release|Any CPU
		{73A9C84A-6E5D-8A28-0537-EFCA903F26E6}.Release|Any CPU.Build.0 = Release|Any CPU
		{8186C21A-E2A6-8783-D271-6E1316B97BCC}.Debug|Any CPU.ActiveCfg = Debug|Any CPU
		{8186C21A-E2A6-8783-D271-6E1316B97BCC}.Debug|Any CPU.Build.0 = Debug|Any CPU
		{8186C21A-E2A6-8783-D271-6E1316B97BCC}.Release|Any CPU.ActiveCfg = Release|Any CPU
		{8186C21A-E2A6-8783-D271-6E1316B97BCC}.Release|Any CPU.Build.0 = Release|Any CPU
		{AFAF6446-4762-BF19-24F5-645F9AC555F2}.Debug|Any CPU.ActiveCfg = Debug|Any CPU
		{AFAF6446-4762-BF19-24F5-645F9AC555F2}.Debug|Any CPU.Build.0 = Debug|Any CPU
		{AFAF6446-4762-BF19-24F5-645F9AC555F2}.Release|Any CPU.ActiveCfg = Release|Any CPU
		{AFAF6446-4762-BF19-24F5-645F9AC555F2}.Release|Any CPU.Build.0 = Release|Any CPU
	EndGlobalSection
	GlobalSection(SolutionProperties) = preSolution
		HideSolutionNode = FALSE
	EndGlobalSection
EndGlobal
